// !$*UTF8*$!
{
	archiveVersion = 1;
	classes = {
	};
	objectVersion = 46;
	objects = {

/* Begin PBXBuildFile section */
		081093B71EFA6B76008F4059 /* main.m in Sources */ = {isa = PBXBuildFile; fileRef = 081093B61EFA6B76008F4059 /* main.m */; };
		081093BA1EFA6B76008F4059 /* AppDelegate.m in Sources */ = {isa = PBXBuildFile; fileRef = 081093B91EFA6B76008F4059 /* AppDelegate.m */; };
		081093BD1EFA6B76008F4059 /* ViewController.m in Sources */ = {isa = PBXBuildFile; fileRef = 081093BC1EFA6B76008F4059 /* ViewController.m */; };
		081093C01EFA6B76008F4059 /* Main.storyboard in Resources */ = {isa = PBXBuildFile; fileRef = 081093BE1EFA6B76008F4059 /* Main.storyboard */; };
		081093C21EFA6B76008F4059 /* Assets.xcassets in Resources */ = {isa = PBXBuildFile; fileRef = 081093C11EFA6B76008F4059 /* Assets.xcassets */; };
		081093C51EFA6B76008F4059 /* LaunchScreen.storyboard in Resources */ = {isa = PBXBuildFile; fileRef = 081093C31EFA6B76008F4059 /* LaunchScreen.storyboard */; };
		0819980A1EFCA21100E51F6F /* TimeObj.m in Sources */ = {isa = PBXBuildFile; fileRef = 081998091EFCA21100E51F6F /* TimeObj.m */; };
		0819980E1EFCA5F600E51F6F /* ExamReslutViewController.m in Sources */ = {isa = PBXBuildFile; fileRef = 0819980C1EFCA5F600E51F6F /* ExamReslutViewController.m */; };
		0819980F1EFCA5F600E51F6F /* ExamReslutViewController.xib in Resources */ = {isa = PBXBuildFile; fileRef = 0819980D1EFCA5F600E51F6F /* ExamReslutViewController.xib */; };
		081998121EFCAA3400E51F6F /* test_failure_img@2x.png in Resources */ = {isa = PBXBuildFile; fileRef = 081998101EFCAA3400E51F6F /* test_failure_img@2x.png */; };
		081998131EFCAA3400E51F6F /* test_success_img@2x.png in Resources */ = {isa = PBXBuildFile; fileRef = 081998111EFCAA3400E51F6F /* test_success_img@2x.png */; };
		081998181EFCBCBF00E51F6F /* CircleLableView.m in Sources */ = {isa = PBXBuildFile; fileRef = 081998151EFCBCBF00E51F6F /* CircleLableView.m */; };
		081998191EFCBCBF00E51F6F /* CircleView.m in Sources */ = {isa = PBXBuildFile; fileRef = 081998171EFCBCBF00E51F6F /* CircleView.m */; };
		081C5A351EFB4FCB00E7AF9B /* TestModel.m in Sources */ = {isa = PBXBuildFile; fileRef = 081C5A341EFB4FCB00E7AF9B /* TestModel.m */; };
		081C5A381EFB74D900E7AF9B /* AnwsersViewController.m in Sources */ = {isa = PBXBuildFile; fileRef = 081C5A371EFB74D900E7AF9B /* AnwsersViewController.m */; };
		081C5A3B1EFB8C7D00E7AF9B /* AnsersCell.m in Sources */ = {isa = PBXBuildFile; fileRef = 081C5A3A1EFB8C7D00E7AF9B /* AnsersCell.m */; };
		089FA3D51EFA701F004E4A3D /* notice_ic@2x.png in Resources */ = {isa = PBXBuildFile; fileRef = 089FA3D41EFA701F004E4A3D /* notice_ic@2x.png */; };
		089FA3D81EFA726F004E4A3D /* exam.json in Resources */ = {isa = PBXBuildFile; fileRef = 089FA3D71EFA726F004E4A3D /* exam.json */; };
		089FA3DB1EFA74A2004E4A3D /* ExamCell.m in Sources */ = {isa = PBXBuildFile; fileRef = 089FA3DA1EFA74A2004E4A3D /* ExamCell.m */; };
		089FA3DF1EFA7763004E4A3D /* TableCell.m in Sources */ = {isa = PBXBuildFile; fileRef = 089FA3DD1EFA7763004E4A3D /* TableCell.m */; };
		089FA3E01EFA7763004E4A3D /* TableCell.xib in Resources */ = {isa = PBXBuildFile; fileRef = 089FA3DE1EFA7763004E4A3D /* TableCell.xib */; };
		08C222B21EFA6BEC00D06A10 /* ExamViewController.m in Sources */ = {isa = PBXBuildFile; fileRef = 08C222B01EFA6BEC00D06A10 /* ExamViewController.m */; };
/* End PBXBuildFile section */

/* Begin PBXFileReference section */
		081093B21EFA6B76008F4059 /* exam.app */ = {isa = PBXFileReference; explicitFileType = wrapper.application; includeInIndex = 0; path = exam.app; sourceTree = BUILT_PRODUCTS_DIR; };
		081093B61EFA6B76008F4059 /* main.m */ = {isa = PBXFileReference; lastKnownFileType = sourcecode.c.objc; path = main.m; sourceTree = "<group>"; };
		081093B81EFA6B76008F4059 /* AppDelegate.h */ = {isa = PBXFileReference; lastKnownFileType = sourcecode.c.h; path = AppDelegate.h; sourceTree = "<group>"; };
		081093B91EFA6B76008F4059 /* AppDelegate.m */ = {isa = PBXFileReference; lastKnownFileType = sourcecode.c.objc; path = AppDelegate.m; sourceTree = "<group>"; };
		081093BB1EFA6B76008F4059 /* ViewController.h */ = {isa = PBXFileReference; lastKnownFileType = sourcecode.c.h; path = ViewController.h; sourceTree = "<group>"; };
		081093BC1EFA6B76008F4059 /* ViewController.m */ = {isa = PBXFileReference; lastKnownFileType = sourcecode.c.objc; path = ViewController.m; sourceTree = "<group>"; };
		081093BF1EFA6B76008F4059 /* Base */ = {isa = PBXFileReference; lastKnownFileType = file.storyboard; name = Base; path = Base.lproj/Main.storyboard; sourceTree = "<group>"; };
		081093C11EFA6B76008F4059 /* Assets.xcassets */ = {isa = PBXFileReference; lastKnownFileType = folder.assetcatalog; path = Assets.xcassets; sourceTree = "<group>"; };
		081093C41EFA6B76008F4059 /* Base */ = {isa = PBXFileReference; lastKnownFileType = file.storyboard; name = Base; path = Base.lproj/LaunchScreen.storyboard; sourceTree = "<group>"; };
		081093C61EFA6B76008F4059 /* Info.plist */ = {isa = PBXFileReference; lastKnownFileType = text.plist.xml; path = Info.plist; sourceTree = "<group>"; };
		081998081EFCA21100E51F6F /* TimeObj.h */ = {isa = PBXFileReference; fileEncoding = 4; lastKnownFileType = sourcecode.c.h; path = TimeObj.h; sourceTree = "<group>"; };
		081998091EFCA21100E51F6F /* TimeObj.m */ = {isa = PBXFileReference; fileEncoding = 4; lastKnownFileType = sourcecode.c.objc; path = TimeObj.m; sourceTree = "<group>"; };
		0819980B1EFCA5F600E51F6F /* ExamReslutViewController.h */ = {isa = PBXFileReference; fileEncoding = 4; lastKnownFileType = sourcecode.c.h; path = ExamReslutViewController.h; sourceTree = "<group>"; };
		0819980C1EFCA5F600E51F6F /* ExamReslutViewController.m */ = {isa = PBXFileReference; fileEncoding = 4; lastKnownFileType = sourcecode.c.objc; path = ExamReslutViewController.m; sourceTree = "<group>"; };
		0819980D1EFCA5F600E51F6F /* ExamReslutViewController.xib */ = {isa = PBXFileReference; fileEncoding = 4; lastKnownFileType = file.xib; path = ExamReslutViewController.xib; sourceTree = "<group>"; };
		081998101EFCAA3400E51F6F /* test_failure_img@2x.png */ = {isa = PBXFileReference; lastKnownFileType = image.png; path = "test_failure_img@2x.png"; sourceTree = "<group>"; };
		081998111EFCAA3400E51F6F /* test_success_img@2x.png */ = {isa = PBXFileReference; lastKnownFileType = image.png; path = "test_success_img@2x.png"; sourceTree = "<group>"; };
		081998141EFCBCBF00E51F6F /* CircleLableView.h */ = {isa = PBXFileReference; fileEncoding = 4; lastKnownFileType = sourcecode.c.h; path = CircleLableView.h; sourceTree = "<group>"; };
		081998151EFCBCBF00E51F6F /* CircleLableView.m */ = {isa = PBXFileReference; fileEncoding = 4; lastKnownFileType = sourcecode.c.objc; path = CircleLableView.m; sourceTree = "<group>"; };
		081998161EFCBCBF00E51F6F /* CircleView.h */ = {isa = PBXFileReference; fileEncoding = 4; lastKnownFileType = sourcecode.c.h; path = CircleView.h; sourceTree = "<group>"; };
		081998171EFCBCBF00E51F6F /* CircleView.m */ = {isa = PBXFileReference; fileEncoding = 4; lastKnownFileType = sourcecode.c.objc; path = CircleView.m; sourceTree = "<group>"; };
		081C5A331EFB4FCB00E7AF9B /* TestModel.h */ = {isa = PBXFileReference; fileEncoding = 4; lastKnownFileType = sourcecode.c.h; path = TestModel.h; sourceTree = "<group>"; };
		081C5A341EFB4FCB00E7AF9B /* TestModel.m */ = {isa = PBXFileReference; fileEncoding = 4; lastKnownFileType = sourcecode.c.objc; path = TestModel.m; sourceTree = "<group>"; };
		081C5A361EFB74D900E7AF9B /* AnwsersViewController.h */ = {isa = PBXFileReference; fileEncoding = 4; lastKnownFileType = sourcecode.c.h; path = AnwsersViewController.h; sourceTree = "<group>"; };
		081C5A371EFB74D900E7AF9B /* AnwsersViewController.m */ = {isa = PBXFileReference; fileEncoding = 4; lastKnownFileType = sourcecode.c.objc; path = AnwsersViewController.m; sourceTree = "<group>"; };
		081C5A391EFB8C7D00E7AF9B /* AnsersCell.h */ = {isa = PBXFileReference; fileEncoding = 4; lastKnownFileType = sourcecode.c.h; path = AnsersCell.h; sourceTree = "<group>"; };
		081C5A3A1EFB8C7D00E7AF9B /* AnsersCell.m */ = {isa = PBXFileReference; fileEncoding = 4; lastKnownFileType = sourcecode.c.objc; path = AnsersCell.m; sourceTree = "<group>"; };
		089FA3D41EFA701F004E4A3D /* notice_ic@2x.png */ = {isa = PBXFileReference; lastKnownFileType = image.png; path = "notice_ic@2x.png"; sourceTree = "<group>"; };
		089FA3D71EFA726F004E4A3D /* exam.json */ = {isa = PBXFileReference; fileEncoding = 4; lastKnownFileType = text.json; path = exam.json; sourceTree = "<group>"; };
		089FA3D91EFA74A2004E4A3D /* ExamCell.h */ = {isa = PBXFileReference; fileEncoding = 4; lastKnownFileType = sourcecode.c.h; path = ExamCell.h; sourceTree = "<group>"; };
		089FA3DA1EFA74A2004E4A3D /* ExamCell.m */ = {isa = PBXFileReference; fileEncoding = 4; lastKnownFileType = sourcecode.c.objc; path = ExamCell.m; sourceTree = "<group>"; };
		089FA3DC1EFA7763004E4A3D /* TableCell.h */ = {isa = PBXFileReference; fileEncoding = 4; lastKnownFileType = sourcecode.c.h; path = TableCell.h; sourceTree = "<group>"; };
		089FA3DD1EFA7763004E4A3D /* TableCell.m */ = {isa = PBXFileReference; fileEncoding = 4; lastKnownFileType = sourcecode.c.objc; path = TableCell.m; sourceTree = "<group>"; };
		089FA3DE1EFA7763004E4A3D /* TableCell.xib */ = {isa = PBXFileReference; fileEncoding = 4; lastKnownFileType = file.xib; path = TableCell.xib; sourceTree = "<group>"; };
		08C222AF1EFA6BEC00D06A10 /* ExamViewController.h */ = {isa = PBXFileReference; fileEncoding = 4; lastKnownFileType = sourcecode.c.h; path = ExamViewController.h; sourceTree = "<group>"; };
		08C222B01EFA6BEC00D06A10 /* ExamViewController.m */ = {isa = PBXFileReference; fileEncoding = 4; lastKnownFileType = sourcecode.c.objc; path = ExamViewController.m; sourceTree = "<group>"; };
/* End PBXFileReference section */

/* Begin PBXFrameworksBuildPhase section */
		081093AF1EFA6B76008F4059 /* Frameworks */ = {
			isa = PBXFrameworksBuildPhase;
			buildActionMask = 2147483647;
			files = (
			);
			runOnlyForDeploymentPostprocessing = 0;
		};
/* End PBXFrameworksBuildPhase section */

/* Begin PBXGroup section */
		081093A91EFA6B76008F4059 = {
			isa = PBXGroup;
			children = (
				081093B41EFA6B76008F4059 /* exam */,
				081093B31EFA6B76008F4059 /* Products */,
			);
			sourceTree = "<group>";
		};
		081093B31EFA6B76008F4059 /* Products */ = {
			isa = PBXGroup;
			children = (
				081093B21EFA6B76008F4059 /* exam.app */,
			);
			name = Products;
			sourceTree = "<group>";
		};
		081093B41EFA6B76008F4059 /* exam */ = {
			isa = PBXGroup;
			children = (
				081998101EFCAA3400E51F6F /* test_failure_img@2x.png */,
				081998111EFCAA3400E51F6F /* test_success_img@2x.png */,
				081093B81EFA6B76008F4059 /* AppDelegate.h */,
				081093B91EFA6B76008F4059 /* AppDelegate.m */,
				081093BB1EFA6B76008F4059 /* ViewController.h */,
				089FA3D41EFA701F004E4A3D /* notice_ic@2x.png */,
				081093BC1EFA6B76008F4059 /* ViewController.m */,
				08C222AF1EFA6BEC00D06A10 /* ExamViewController.h */,
				08C222B01EFA6BEC00D06A10 /* ExamViewController.m */,
				081998081EFCA21100E51F6F /* TimeObj.h */,
				081998091EFCA21100E51F6F /* TimeObj.m */,
				081998141EFCBCBF00E51F6F /* CircleLableView.h */,
				081998151EFCBCBF00E51F6F /* CircleLableView.m */,
				081998161EFCBCBF00E51F6F /* CircleView.h */,
				081998171EFCBCBF00E51F6F /* CircleView.m */,
				0819980B1EFCA5F600E51F6F /* ExamReslutViewController.h */,
				0819980C1EFCA5F600E51F6F /* ExamReslutViewController.m */,
				0819980D1EFCA5F600E51F6F /* ExamReslutViewController.xib */,
				081C5A361EFB74D900E7AF9B /* AnwsersViewController.h */,
				081C5A371EFB74D900E7AF9B /* AnwsersViewController.m */,
				081C5A391EFB8C7D00E7AF9B /* AnsersCell.h */,
				081C5A3A1EFB8C7D00E7AF9B /* AnsersCell.m */,
				081C5A331EFB4FCB00E7AF9B /* TestModel.h */,
				081C5A341EFB4FCB00E7AF9B /* TestModel.m */,
				089FA3D91EFA74A2004E4A3D /* ExamCell.h */,
				089FA3DA1EFA74A2004E4A3D /* ExamCell.m */,
				089FA3DC1EFA7763004E4A3D /* TableCell.h */,
				089FA3DD1EFA7763004E4A3D /* TableCell.m */,
				089FA3DE1EFA7763004E4A3D /* TableCell.xib */,
				089FA3D71EFA726F004E4A3D /* exam.json */,
				081093BE1EFA6B76008F4059 /* Main.storyboard */,
				081093C11EFA6B76008F4059 /* Assets.xcassets */,
				081093C31EFA6B76008F4059 /* LaunchScreen.storyboard */,
				081093C61EFA6B76008F4059 /* Info.plist */,
				081093B51EFA6B76008F4059 /* Supporting Files */,
			);
			path = exam;
			sourceTree = "<group>";
		};
		081093B51EFA6B76008F4059 /* Supporting Files */ = {
			isa = PBXGroup;
			children = (
				081093B61EFA6B76008F4059 /* main.m */,
			);
			name = "Supporting Files";
			sourceTree = "<group>";
		};
/* End PBXGroup section */

/* Begin PBXNativeTarget section */
		081093B11EFA6B76008F4059 /* exam */ = {
			isa = PBXNativeTarget;
			buildConfigurationList = 081093C91EFA6B76008F4059 /* Build configuration list for PBXNativeTarget "exam" */;
			buildPhases = (
				081093AE1EFA6B76008F4059 /* Sources */,
				081093AF1EFA6B76008F4059 /* Frameworks */,
				081093B01EFA6B76008F4059 /* Resources */,
			);
			buildRules = (
			);
			dependencies = (
			);
			name = exam;
			productName = exam;
			productReference = 081093B21EFA6B76008F4059 /* exam.app */;
			productType = "com.apple.product-type.application";
		};
/* End PBXNativeTarget section */

/* Begin PBXProject section */
		081093AA1EFA6B76008F4059 /* Project object */ = {
			isa = PBXProject;
			attributes = {
				LastUpgradeCheck = 0830;
				ORGANIZATIONNAME = ZhongLiangHao;
				TargetAttributes = {
					081093B11EFA6B76008F4059 = {
						CreatedOnToolsVersion = 8.3.2;
						DevelopmentTeam = NWTCYB2Z2N;
						ProvisioningStyle = Automatic;
					};
				};
			};
			buildConfigurationList = 081093AD1EFA6B76008F4059 /* Build configuration list for PBXProject "exam" */;
			compatibilityVersion = "Xcode 3.2";
			developmentRegion = English;
			hasScannedForEncodings = 0;
			knownRegions = (
				en,
				Base,
			);
			mainGroup = 081093A91EFA6B76008F4059;
			productRefGroup = 081093B31EFA6B76008F4059 /* Products */;
			projectDirPath = "";
			projectRoot = "";
			targets = (
				081093B11EFA6B76008F4059 /* exam */,
			);
		};
/* End PBXProject section */

/* Begin PBXResourcesBuildPhase section */
		081093B01EFA6B76008F4059 /* Resources */ = {
			isa = PBXResourcesBuildPhase;
			buildActionMask = 2147483647;
			files = (
				081093C51EFA6B76008F4059 /* LaunchScreen.storyboard in Resources */,
				081093C21EFA6B76008F4059 /* Assets.xcassets in Resources */,
				089FA3D51EFA701F004E4A3D /* notice_ic@2x.png in Resources */,
				081093C01EFA6B76008F4059 /* Main.storyboard in Resources */,
				089FA3E01EFA7763004E4A3D /* TableCell.xib in Resources */,
				081998131EFCAA3400E51F6F /* test_success_img@2x.png in Resources */,
				0819980F1EFCA5F600E51F6F /* ExamReslutViewController.xib in Resources */,
				089FA3D81EFA726F004E4A3D /* exam.json in Resources */,
				081998121EFCAA3400E51F6F /* test_failure_img@2x.png in Resources */,
			);
			runOnlyForDeploymentPostprocessing = 0;
		};
/* End PBXResourcesBuildPhase section */

/* Begin PBXSourcesBuildPhase section */
		081093AE1EFA6B76008F4059 /* Sources */ = {
			isa = PBXSourcesBuildPhase;
			buildActionMask = 2147483647;
			files = (
				0819980A1EFCA21100E51F6F /* TimeObj.m in Sources */,
				081998181EFCBCBF00E51F6F /* CircleLableView.m in Sources */,
				089FA3DF1EFA7763004E4A3D /* TableCell.m in Sources */,
				081093BD1EFA6B76008F4059 /* ViewController.m in Sources */,
				089FA3DB1EFA74A2004E4A3D /* ExamCell.m in Sources */,
				08C222B21EFA6BEC00D06A10 /* ExamViewController.m in Sources */,
				081C5A381EFB74D900E7AF9B /* AnwsersViewController.m in Sources */,
				0819980E1EFCA5F600E51F6F /* ExamReslutViewController.m in Sources */,
				081998191EFCBCBF00E51F6F /* CircleView.m in Sources */,
				081C5A3B1EFB8C7D00E7AF9B /* AnsersCell.m in Sources */,
				081093BA1EFA6B76008F4059 /* AppDelegate.m in Sources */,
				081C5A351EFB4FCB00E7AF9B /* TestModel.m in Sources */,
				081093B71EFA6B76008F4059 /* main.m in Sources */,
			);
			runOnlyForDeploymentPostprocessing = 0;
		};
/* End PBXSourcesBuildPhase section */

/* Begin PBXVariantGroup section */
		081093BE1EFA6B76008F4059 /* Main.storyboard */ = {
			isa = PBXVariantGroup;
			children = (
				081093BF1EFA6B76008F4059 /* Base */,
			);
			name = Main.storyboard;
			sourceTree = "<group>";
		};
		081093C31EFA6B76008F4059 /* LaunchScreen.storyboard */ = {
			isa = PBXVariantGroup;
			children = (
				081093C41EFA6B76008F4059 /* Base */,
			);
			name = LaunchScreen.storyboard;
			sourceTree = "<group>";
		};
/* End PBXVariantGroup section */

/* Begin XCBuildConfiguration section */
		081093C71EFA6B76008F4059 /* Debug */ = {
			isa = XCBuildConfiguration;
			buildSettings = {
				ALWAYS_SEARCH_USER_PATHS = NO;
				CLANG_ANALYZER_NONNULL = YES;
				CLANG_ANALYZER_NUMBER_OBJECT_CONVERSION = YES_AGGRESSIVE;
				CLANG_CXX_LANGUAGE_STANDARD = "gnu++0x";
				CLANG_CXX_LIBRARY = "libc++";
				CLANG_ENABLE_MODULES = YES;
				CLANG_ENABLE_OBJC_ARC = YES;
				CLANG_WARN_BOOL_CONVERSION = YES;
				CLANG_WARN_CONSTANT_CONVERSION = YES;
				CLANG_WARN_DIRECT_OBJC_ISA_USAGE = YES_ERROR;
				CLANG_WARN_DOCUMENTATION_COMMENTS = YES;
				CLANG_WARN_EMPTY_BODY = YES;
				CLANG_WARN_ENUM_CONVERSION = YES;
				CLANG_WARN_INFINITE_RECURSION = YES;
				CLANG_WARN_INT_CONVERSION = YES;
				CLANG_WARN_OBJC_ROOT_CLASS = YES_ERROR;
				CLANG_WARN_SUSPICIOUS_MOVE = YES;
				CLANG_WARN_UNREACHABLE_CODE = YES;
				CLANG_WARN__DUPLICATE_METHOD_MATCH = YES;
				"CODE_SIGN_IDENTITY[sdk=iphoneos*]" = "iPhone Developer";
				COPY_PHASE_STRIP = NO;
				DEBUG_INFORMATION_FORMAT = dwarf;
				ENABLE_STRICT_OBJC_MSGSEND = YES;
				ENABLE_TESTABILITY = YES;
				GCC_C_LANGUAGE_STANDARD = gnu99;
				GCC_DYNAMIC_NO_PIC = NO;
				GCC_NO_COMMON_BLOCKS = YES;
				GCC_OPTIMIZATION_LEVEL = 0;
				GCC_PREPROCESSOR_DEFINITIONS = (
					"DEBUG=1",
					"$(inherited)",
				);
				GCC_WARN_64_TO_32_BIT_CONVERSION = YES;
				GCC_WARN_ABOUT_RETURN_TYPE = YES_ERROR;
				GCC_WARN_UNDECLARED_SELECTOR = YES;
				GCC_WARN_UNINITIALIZED_AUTOS = YES_AGGRESSIVE;
				GCC_WARN_UNUSED_FUNCTION = YES;
				GCC_WARN_UNUSED_VARIABLE = YES;
				IPHONEOS_DEPLOYMENT_TARGET = 10.3;
				MTL_ENABLE_DEBUG_INFO = YES;
				ONLY_ACTIVE_ARCH = YES;
				SDKROOT = iphoneos;
				TARGETED_DEVICE_FAMILY = "1,2";
			};
			name = Debug;
		};
		081093C81EFA6B76008F4059 /* Release */ = {
			isa = XCBuildConfiguration;
			buildSettings = {
				ALWAYS_SEARCH_USER_PATHS = NO;
				CLANG_ANALYZER_NONNULL = YES;
				CLANG_ANALYZER_NUMBER_OBJECT_CONVERSION = YES_AGGRESSIVE;
				CLANG_CXX_LANGUAGE_STANDARD = "gnu++0x";
				CLANG_CXX_LIBRARY = "libc++";
				CLANG_ENABLE_MODULES = YES;
				CLANG_ENABLE_OBJC_ARC = YES;
				CLANG_WARN_BOOL_CONVERSION = YES;
				CLANG_WARN_CONSTANT_CONVERSION = YES;
				CLANG_WARN_DIRECT_OBJC_ISA_USAGE = YES_ERROR;
				CLANG_WARN_DOCUMENTATION_COMMENTS = YES;
				CLANG_WARN_EMPTY_BODY = YES;
				CLANG_WARN_ENUM_CONVERSION = YES;
				CLANG_WARN_INFINITE_RECURSION = YES;
				CLANG_WARN_INT_CONVERSION = YES;
				CLANG_WARN_OBJC_ROOT_CLASS = YES_ERROR;
				CLANG_WARN_SUSPICIOUS_MOVE = YES;
				CLANG_WARN_UNREACHABLE_CODE = YES;
				CLANG_WARN__DUPLICATE_METHOD_MATCH = YES;
				"CODE_SIGN_IDENTITY[sdk=iphoneos*]" = "iPhone Developer";
				COPY_PHASE_STRIP = NO;
				DEBUG_INFORMATION_FORMAT = "dwarf-with-dsym";
				ENABLE_NS_ASSERTIONS = NO;
				ENABLE_STRICT_OBJC_MSGSEND = YES;
				GCC_C_LANGUAGE_STANDARD = gnu99;
				GCC_NO_COMMON_BLOCKS = YES;
				GCC_WARN_64_TO_32_BIT_CONVERSION = YES;
				GCC_WARN_ABOUT_RETURN_TYPE = YES_ERROR;
				GCC_WARN_UNDECLARED_SELECTOR = YES;
				GCC_WARN_UNINITIALIZED_AUTOS = YES_AGGRESSIVE;
				GCC_WARN_UNUSED_FUNCTION = YES;
				GCC_WARN_UNUSED_VARIABLE = YES;
				IPHONEOS_DEPLOYMENT_TARGET = 10.3;
				MTL_ENABLE_DEBUG_INFO = NO;
				SDKROOT = iphoneos;
				TARGETED_DEVICE_FAMILY = "1,2";
				VALIDATE_PRODUCT = YES;
			};
			name = Release;
		};
		081093CA1EFA6B76008F4059 /* Debug */ = {
			isa = XCBuildConfiguration;
			buildSettings = {
				ASSETCATALOG_COMPILER_APPICON_NAME = AppIcon;
				DEVELOPMENT_TEAM = NWTCYB2Z2N;
				INFOPLIST_FILE = exam/Info.plist;
				LD_RUNPATH_SEARCH_PATHS = "$(inherited) @executable_path/Frameworks";
				PRODUCT_BUNDLE_IDENTIFIER = hzl.exam;
				PRODUCT_NAME = "$(TARGET_NAME)";
			};
			name = Debug;
		};
		081093CB1EFA6B76008F4059 /* Release */ = {
			isa = XCBuildConfiguration;
			buildSettings = {
				ASSETCATALOG_COMPILER_APPICON_NAME = AppIcon;
				DEVELOPMENT_TEAM = NWTCYB2Z2N;
				INFOPLIST_FILE = exam/Info.plist;
				LD_RUNPATH_SEARCH_PATHS = "$(inherited) @executable_path/Frameworks";
				PRODUCT_BUNDLE_IDENTIFIER = hzl.exam;
				PRODUCT_NAME = "$(TARGET_NAME)";
			};
			name = Release;
		};
/* End XCBuildConfiguration section */

/* Begin XCConfigurationList section */
		081093AD1EFA6B76008F4059 /* Build configuration list for PBXProject "exam" */ = {
			isa = XCConfigurationList;
			buildConfigurations = (
				081093C71EFA6B76008F4059 /* Debug */,
				081093C81EFA6B76008F4059 /* Release */,
			);
			defaultConfigurationIsVisible = 0;
			defaultConfigurationName = Release;
		};
		081093C91EFA6B76008F4059 /* Build configuration list for PBXNativeTarget "exam" */ = {
			isa = XCConfigurationList;
			buildConfigurations = (
				081093CA1EFA6B76008F4059 /* Debug */,
				081093CB1EFA6B76008F4059 /* Release */,
			);
			defaultConfigurationIsVisible = 0;
			defaultConfigurationName = Release;
		};
/* End XCConfigurationList section */
	};
	rootObject = 081093AA1EFA6B76008F4059 /* Project object */;
}
